// !$*UTF8*$!
{
	archiveVersion = 1;
	classes = {
	};
	objectVersion = 46;
	objects = {

/* Begin PBXBuildFile section */
		54EC794C1CF4967000E5DEAD /* AppDelegate.swift in Sources */ = {isa = PBXBuildFile; fileRef = 54EC794B1CF4967000E5DEAD /* AppDelegate.swift */; };
		54EC794E1CF4967000E5DEAD /* ViewController.swift in Sources */ = {isa = PBXBuildFile; fileRef = 54EC794D1CF4967000E5DEAD /* ViewController.swift */; };
		54EC79511CF4967000E5DEAD /* Main.storyboard in Resources */ = {isa = PBXBuildFile; fileRef = 54EC794F1CF4967000E5DEAD /* Main.storyboard */; };
		54EC79531CF4967000E5DEAD /* Assets.xcassets in Resources */ = {isa = PBXBuildFile; fileRef = 54EC79521CF4967000E5DEAD /* Assets.xcassets */; };
		54EC79561CF4967000E5DEAD /* LaunchScreen.storyboard in Resources */ = {isa = PBXBuildFile; fileRef = 54EC79541CF4967000E5DEAD /* LaunchScreen.storyboard */; };
/* End PBXBuildFile section */

/* Begin PBXFileReference section */
		54EC79481CF4967000E5DEAD /* ShowSizeClass.app */ = {isa = PBXFileReference; explicitFileType = wrapper.application; includeInIndex = 0; path = ShowSizeClass.app; sourceTree = BUILT_PRODUCTS_DIR; };
		54EC794B1CF4967000E5DEAD /* AppDelegate.swift */ = {isa = PBXFileReference; lastKnownFileType = sourcecode.swift; path = AppDelegate.swift; sourceTree = "<group>"; };
		54EC794D1CF4967000E5DEAD /* ViewController.swift */ = {isa = PBXFileReference; lastKnownFileType = sourcecode.swift; path = ViewController.swift; sourceTree = "<group>"; };
		54EC79501CF4967000E5DEAD /* Base */ = {isa = PBXFileReference; lastKnownFileType = file.storyboard; name = Base; path = Base.lproj/Main.storyboard; sourceTree = "<group>"; };
		54EC79521CF4967000E5DEAD /* Assets.xcassets */ = {isa = PBXFileReference; lastKnownFileType = folder.assetcatalog; path = Assets.xcassets; sourceTree = "<group>"; };
		54EC79551CF4967000E5DEAD /* Base */ = {isa = PBXFileReference; lastKnownFileType = file.storyboard; name = Base; path = Base.lproj/LaunchScreen.storyboard; sourceTree = "<group>"; };
		54EC79571CF4967000E5DEAD /* Info.plist */ = {isa = PBXFileReference; lastKnownFileType = text.plist.xml; path = Info.plist; sourceTree = "<group>"; };
/* End PBXFileReference section */

/* Begin PBXFrameworksBuildPhase section */
		54EC79451CF4967000E5DEAD /* Frameworks */ = {
			isa = PBXFrameworksBuildPhase;
			buildActionMask = 2147483647;
			files = (
			);
			runOnlyForDeploymentPostprocessing = 0;
		};
/* End PBXFrameworksBuildPhase section */

/* Begin PBXGroup section */
		54EC793F1CF4967000E5DEAD = {
			isa = PBXGroup;
			children = (
				54EC794A1CF4967000E5DEAD /* ShowSizeClass */,
				54EC79491CF4967000E5DEAD /* Products */,
			);
			sourceTree = "<group>";
		};
		54EC79491CF4967000E5DEAD /* Products */ = {
			isa = PBXGroup;
			children = (
				54EC79481CF4967000E5DEAD /* ShowSizeClass.app */,
			);
			name = Products;
			sourceTree = "<group>";
		};
		54EC794A1CF4967000E5DEAD /* ShowSizeClass */ = {
			isa = PBXGroup;
			children = (
				54EC794B1CF4967000E5DEAD /* AppDelegate.swift */,
				54EC794D1CF4967000E5DEAD /* ViewController.swift */,
				54EC794F1CF4967000E5DEAD /* Main.storyboard */,
				54EC79521CF4967000E5DEAD /* Assets.xcassets */,
				54EC79541CF4967000E5DEAD /* LaunchScreen.storyboard */,
				54EC79571CF4967000E5DEAD /* Info.plist */,
			);
			path = ShowSizeClass;
			sourceTree = "<group>";
		};
/* End PBXGroup section */

/* Begin PBXNativeTarget section */
		54EC79471CF4967000E5DEAD /* ShowSizeClass */ = {
			isa = PBXNativeTarget;
			buildConfigurationList = 54EC795A1CF4967000E5DEAD /* Build configuration list for PBXNativeTarget "ShowSizeClass" */;
			buildPhases = (
				54EC79441CF4967000E5DEAD /* Sources */,
				54EC79451CF4967000E5DEAD /* Frameworks */,
				54EC79461CF4967000E5DEAD /* Resources */,
			);
			buildRules = (
			);
			dependencies = (
			);
			name = ShowSizeClass;
			productName = ShowSizeClass;
			productReference = 54EC79481CF4967000E5DEAD /* ShowSizeClass.app */;
			productType = "com.apple.product-type.application";
		};
/* End PBXNativeTarget section */

/* Begin PBXProject section */
		54EC79401CF4967000E5DEAD /* Project object */ = {
			isa = PBXProject;
			attributes = {
				LastSwiftUpdateCheck = 0730;
				LastUpgradeCheck = 0730;
				ORGANIZATIONNAME = "Victor Shurapov";
				TargetAttributes = {
					54EC79471CF4967000E5DEAD = {
						CreatedOnToolsVersion = 7.3.1;
						DevelopmentTeam = 928AX9C685;
					};
				};
			};
			buildConfigurationList = 54EC79431CF4967000E5DEAD /* Build configuration list for PBXProject "ShowSizeClass" */;
			compatibilityVersion = "Xcode 3.2";
			developmentRegion = English;
			hasScannedForEncodings = 0;
			knownRegions = (
				en,
				Base,
			);
			mainGroup = 54EC793F1CF4967000E5DEAD;
			productRefGroup = 54EC79491CF4967000E5DEAD /* Products */;
			projectDirPath = "";
			projectRoot = "";
			targets = (
				54EC79471CF4967000E5DEAD /* ShowSizeClass */,
			);
		};
/* End PBXProject section */

/* Begin PBXResourcesBuildPhase section */
		54EC79461CF4967000E5DEAD /* Resources */ = {
			isa = PBXResourcesBuildPhase;
			buildActionMask = 2147483647;
			files = (
				54EC79561CF4967000E5DEAD /* LaunchScreen.storyboard in Resources */,
				54EC79531CF4967000E5DEAD /* Assets.xcassets in Resources */,
				54EC79511CF4967000E5DEAD /* Main.storyboard in Resources */,
			);
			runOnlyForDeploymentPostprocessing = 0;
		};
/* End PBXResourcesBuildPhase section */

/* Begin PBXSourcesBuildPhase section */
		54EC79441CF4967000E5DEAD /* Sources */ = {
			isa = PBXSourcesBuildPhase;
			buildActionMask = 2147483647;
			files = (
				54EC794E1CF4967000E5DEAD /* ViewController.swift in Sources */,
				54EC794C1CF4967000E5DEAD /* AppDelegate.swift in Sources */,
			);
			runOnlyForDeploymentPostprocessing = 0;
		};
/* End PBXSourcesBuildPhase section */

/* Begin PBXVariantGroup section */
		54EC794F1CF4967000E5DEAD /* Main.storyboard */ = {
			isa = PBXVariantGroup;
			children = (
				54EC79501CF4967000E5DEAD /* Base */,
			);
			name = Main.storyboard;
			sourceTree = "<group>";
		};
		54EC79541CF4967000E5DEAD /* LaunchScreen.storyboard */ = {
			isa = PBXVariantGroup;
			children = (
				54EC79551CF4967000E5DEAD /* Base */,
			);
			name = LaunchScreen.storyboard;
			sourceTree = "<group>";
		};
/* End PBXVariantGroup section */

/* Begin XCBuildConfiguration section */
		54EC79581CF4967000E5DEAD /* Debug */ = {
			isa = XCBuildConfiguration;
			buildSettings = {
				ALWAYS_SEARCH_USER_PATHS = NO;
				CLANG_ANALYZER_NONNULL = YES;
				CLANG_CXX_LANGUAGE_STANDARD = "gnu++0x";
				CLANG_CXX_LIBRARY = "libc++";
				CLANG_ENABLE_MODULES = YES;
				CLANG_ENABLE_OBJC_ARC = YES;
				CLANG_WARN_BOOL_CONVERSION = YES;
				CLANG_WARN_CONSTANT_CONVERSION = YES;
				CLANG_WARN_DIRECT_OBJC_ISA_USAGE = YES_ERROR;
				CLANG_WARN_EMPTY_BODY = YES;
				CLANG_WARN_ENUM_CONVERSION = YES;
				CLANG_WARN_INT_CONVERSION = YES;
				CLANG_WARN_OBJC_ROOT_CLASS = YES_ERROR;
				CLANG_WARN_UNREACHABLE_CODE = YES;
				CLANG_WARN__DUPLICATE_METHOD_MATCH = YES;
				"CODE_SIGN_IDENTITY[sdk=iphoneos*]" = "iPhone Developer";
				COPY_PHASE_STRIP = NO;
				DEBUG_INFORMATION_FORMAT = dwarf;
				ENABLE_STRICT_OBJC_MSGSEND = YES;
				ENABLE_TESTABILITY = YES;
				GCC_C_LANGUAGE_STANDARD = gnu99;
				GCC_DYNAMIC_NO_PIC = NO;
				GCC_NO_COMMON_BLOCKS = YES;
				GCC_OPTIMIZATION_LEVEL = 0;
				GCC_PREPROCESSOR_DEFINITIONS = (
					"DEBUG=1",
					"$(inherited)",
				);
				GCC_WARN_64_TO_32_BIT_CONVERSION = YES;
				GCC_WARN_ABOUT_RETURN_TYPE = YES_ERROR;
				GCC_WARN_UNDECLARED_SELECTOR = YES;
				GCC_WARN_UNINITIALIZED_AUTOS = YES_AGGRESSIVE;
				GCC_WARN_UNUSED_FUNCTION = YES;
				GCC_WARN_UNUSED_VARIABLE = YES;
				IPHONEOS_DEPLOYMENT_TARGET = 9.3;
				MTL_ENABLE_DEBUG_INFO = YES;
				ONLY_ACTIVE_ARCH = YES;
				SDKROOT = iphoneos;
				SWIFT_OPTIMIZATION_LEVEL = "-Onone";
				TARGETED_DEVICE_FAMILY = "1,2";
			};
			name = Debug;
		};
		54EC79591CF4967000E5DEAD /* Release */ = {
			isa = XCBuildConfiguration;
			buildSettings = {
				ALWAYS_SEARCH_USER_PATHS = NO;
				CLANG_ANALYZER_NONNULL = YES;
				CLANG_CXX_LANGUAGE_STANDARD = "gnu++0x";
				CLANG_CXX_LIBRARY = "libc++";
				CLANG_ENABLE_MODULES = YES;
				CLANG_ENABLE_OBJC_ARC = YES;
				CLANG_WARN_BOOL_CONVERSION = YES;
				CLANG_WARN_CONSTANT_CONVERSION = YES;
				CLANG_WARN_DIRECT_OBJC_ISA_USAGE = YES_ERROR;
				CLANG_WARN_EMPTY_BODY = YES;
				CLANG_WARN_ENUM_CONVERSION = YES;
				CLANG_WARN_INT_CONVERSION = YES;
				CLANG_WARN_OBJC_ROOT_CLASS = YES_ERROR;
				CLANG_WARN_UNREACHABLE_CODE = YES;
				CLANG_WARN__DUPLICATE_METHOD_MATCH = YES;
				"CODE_SIGN_IDENTITY[sdk=iphoneos*]" = "iPhone Developer";
				COPY_PHASE_STRIP = NO;
				DEBUG_INFORMATION_FORMAT = "dwarf-with-dsym";
				ENABLE_NS_ASSERTIONS = NO;
				ENABLE_STRICT_OBJC_MSGSEND = YES;
				GCC_C_LANGUAGE_STANDARD = gnu99;
				GCC_NO_COMMON_BLOCKS = YES;
				GCC_WARN_64_TO_32_BIT_CONVERSION = YES;
				GCC_WARN_ABOUT_RETURN_TYPE = YES_ERROR;
				GCC_WARN_UNDECLARED_SELECTOR = YES;
				GCC_WARN_UNINITIALIZED_AUTOS = YES_AGGRESSIVE;
				GCC_WARN_UNUSED_FUNCTION = YES;
				GCC_WARN_UNUSED_VARIABLE = YES;
				IPHONEOS_DEPLOYMENT_TARGET = 9.3;
				MTL_ENABLE_DEBUG_INFO = NO;
				SDKROOT = iphoneos;
				TARGETED_DEVICE_FAMILY = "1,2";
				VALIDATE_PRODUCT = YES;
			};
			name = Release;
		};
		54EC795B1CF4967000E5DEAD /* Debug */ = {
			isa = XCBuildConfiguration;
			buildSettings = {
				ASSETCATALOG_COMPILER_APPICON_NAME = AppIcon;
				INFOPLIST_FILE = ShowSizeClass/Info.plist;
				LD_RUNPATH_SEARCH_PATHS = "$(inherited) @executable_path/Frameworks";
				PRODUCT_BUNDLE_IDENTIFIER = vq.ShowSizeClass;
				PRODUCT_NAME = "$(TARGET_NAME)";
			};
			name = Debug;
		};
		54EC795C1CF4967000E5DEAD /* Release */ = {
			isa = XCBuildConfiguration;
			buildSettings = {
				ASSETCATALOG_COMPILER_APPICON_NAME = AppIcon;
				INFOPLIST_FILE = ShowSizeClass/Info.plist;
				LD_RUNPATH_SEARCH_PATHS = "$(inherited) @executable_path/Frameworks";
				PRODUCT_BUNDLE_IDENTIFIER = vq.ShowSizeClass;
				PRODUCT_NAME = "$(TARGET_NAME)";
			};
			name = Release;
		};
/* End XCBuildConfiguration section */

/* Begin XCConfigurationList section */
		54EC79431CF4967000E5DEAD /* Build configuration list for PBXProject "ShowSizeClass" */ = {
			isa = XCConfigurationList;
			buildConfigurations = (
				54EC79581CF4967000E5DEAD /* Debug */,
				54EC79591CF4967000E5DEAD /* Release */,
			);
			defaultConfigurationIsVisible = 0;
			defaultConfigurationName = Release;
		};
		54EC795A1CF4967000E5DEAD /* Build configuration list for PBXNativeTarget "ShowSizeClass" */ = {
			isa = XCConfigurationList;
			buildConfigurations = (
				54EC795B1CF4967000E5DEAD /* Debug */,
				54EC795C1CF4967000E5DEAD /* Release */,
			);
			defaultConfigurationIsVisible = 0;
			defaultConfigurationName = Release;
		};
/* End XCConfigurationList section */
	};
	rootObject = 54EC79401CF4967000E5DEAD /* Project object */;
}
